
Microsoft Visual Studio Solution File, Format Version 12.00
# Visual Studio Version 16
VisualStudioVersion = 16.0.31624.102
MinimumVisualStudioVersion = 10.0.40219.1
Project("{FAE04EC0-301F-11D3-BF4B-00C04F79EFBC}") = "EigenesProjekt_Petit-SiriguElisa", "EigenesProjekt_Petit-SiriguElisa\EigenesProjekt_Petit-SiriguElisa.csproj", "{006DB04F-C5ED-4A59-ADBC-BE264793E881}"
EndProject
Global
	GlobalSection(SolutionConfigurationPlatforms) = preSolution
		Debug|Any CPU = Debug|Any CPU
		Release|Any CPU = Release|Any CPU
	EndGlobalSection
	GlobalSection(ProjectConfigurationPlatforms) = postSolution
		{006DB04F-C5ED-4A59-ADBC-BE264793E881}.Debug|Any CPU.ActiveCfg = Debug|Any CPU
		{006DB04F-C5ED-4A59-ADBC-BE264793E881}.Debug|Any CPU.Build.0 = Debug|Any CPU
		{006DB04F-C5ED-4A59-ADBC-BE264793E881}.Release|Any CPU.ActiveCfg = Release|Any CPU
		{006DB04F-C5ED-4A59-ADBC-BE264793E881}.Release|Any CPU.Build.0 = Release|Any CPU
	EndGlobalSection
	GlobalSection(SolutionProperties) = preSolution
		HideSolutionNode = FALSE
	EndGlobalSection
	GlobalSection(ExtensibilityGlobals) = postSolution
		SolutionGuid = {407E61E0-04DC-439D-8A33-276B5F85C84B}
	EndGlobalSection
EndGlobal
